
Microsoft Visual Studio Solution File, Format Version 12.00
# Visual Studio Version 17
VisualStudioVersion = 17.9.34622.214
MinimumVisualStudioVersion = 10.0.40219.1
Project("{FAE04EC0-301F-11D3-BF4B-00C04F79EFBC}") = "CarRentWebApi", "CarRentWebApi\CarRentWebApi.csproj", "{B1E35195-FF14-4119-86D3-D349A3E09357}"
EndProject
Global
	GlobalSection(SolutionConfigurationPlatforms) = preSolution
		Debug|Any CPU = Debug|Any CPU
		Release|Any CPU = Release|Any CPU
	EndGlobalSection
	GlobalSection(ProjectConfigurationPlatforms) = postSolution
		{B1E35195-FF14-4119-86D3-D349A3E09357}.Debug|Any CPU.ActiveCfg = Debug|Any CPU
		{B1E35195-FF14-4119-86D3-D349A3E09357}.Debug|Any CPU.Build.0 = Debug|Any CPU
		{B1E35195-FF14-4119-86D3-D349A3E09357}.Release|Any CPU.ActiveCfg = Release|Any CPU
		{B1E35195-FF14-4119-86D3-D349A3E09357}.Release|Any CPU.Build.0 = Release|Any CPU
	EndGlobalSection
	GlobalSection(SolutionProperties) = preSolution
		HideSolutionNode = FALSE
	EndGlobalSection
	GlobalSection(ExtensibilityGlobals) = postSolution
		SolutionGuid = {39FAB53E-7C9D-457B-8C05-D6E5721597BF}
	EndGlobalSection
EndGlobal
